
Microsoft Visual Studio Solution File, Format Version 12.00
# Visual Studio Version 17
VisualStudioVersion = 17.10.35013.160
MinimumVisualStudioVersion = 10.0.40219.1
Project("{9A19103F-16F7-4668-BE54-9A1E7A4F7556}") = "AllCompaniesAPI", "AllCompaniesAPI\AllCompaniesAPI.csproj", "{99056C6D-1249-4C6F-A3ED-B72CEA983092}"
EndProject
Project("{9A19103F-16F7-4668-BE54-9A1E7A4F7556}") = "DbExtensions", "DbExtensions\DbExtensions.csproj", "{D3212429-55F4-423F-A225-6CA4C2187E2F}"
EndProject
Global
	GlobalSection(SolutionConfigurationPlatforms) = preSolution
		Debug|Any CPU = Debug|Any CPU
		Release|Any CPU = Release|Any CPU
	EndGlobalSection
	GlobalSection(ProjectConfigurationPlatforms) = postSolution
		{99056C6D-1249-4C6F-A3ED-B72CEA983092}.Debug|Any CPU.ActiveCfg = Debug|Any CPU
		{99056C6D-1249-4C6F-A3ED-B72CEA983092}.Debug|Any CPU.Build.0 = Debug|Any CPU
		{99056C6D-1249-4C6F-A3ED-B72CEA983092}.Release|Any CPU.ActiveCfg = Release|Any CPU
		{99056C6D-1249-4C6F-A3ED-B72CEA983092}.Release|Any CPU.Build.0 = Release|Any CPU
		{D3212429-55F4-423F-A225-6CA4C2187E2F}.Debug|Any CPU.ActiveCfg = Debug|Any CPU
		{D3212429-55F4-423F-A225-6CA4C2187E2F}.Debug|Any CPU.Build.0 = Debug|Any CPU
		{D3212429-55F4-423F-A225-6CA4C2187E2F}.Release|Any CPU.ActiveCfg = Release|Any CPU
		{D3212429-55F4-423F-A225-6CA4C2187E2F}.Release|Any CPU.Build.0 = Release|Any CPU
	EndGlobalSection
	GlobalSection(SolutionProperties) = preSolution
		HideSolutionNode = FALSE
	EndGlobalSection
	GlobalSection(ExtensibilityGlobals) = postSolution
		SolutionGuid = {B6DB610B-98CC-43A8-8C57-523903D0B39D}
	EndGlobalSection
EndGlobal
